
Microsoft Visual Studio Solution File, Format Version 12.00
# Visual Studio Version 17
VisualStudioVersion = 17.7.34009.444
MinimumVisualStudioVersion = 10.0.40219.1
Project("{F184B08F-C81C-45F6-A57F-5ABD9991F28F}") = "Guia 01-S08", "Guia 01-S08\Guia 01-S08.vbproj", "{93DB592D-6152-471B-B30E-9AEF21AE845D}"
EndProject
Global
	GlobalSection(SolutionConfigurationPlatforms) = preSolution
		Debug|Any CPU = Debug|Any CPU
		Release|Any CPU = Release|Any CPU
	EndGlobalSection
	GlobalSection(ProjectConfigurationPlatforms) = postSolution
		{93DB592D-6152-471B-B30E-9AEF21AE845D}.Debug|Any CPU.ActiveCfg = Debug|Any CPU
		{93DB592D-6152-471B-B30E-9AEF21AE845D}.Debug|Any CPU.Build.0 = Debug|Any CPU
		{93DB592D-6152-471B-B30E-9AEF21AE845D}.Release|Any CPU.ActiveCfg = Release|Any CPU
		{93DB592D-6152-471B-B30E-9AEF21AE845D}.Release|Any CPU.Build.0 = Release|Any CPU
	EndGlobalSection
	GlobalSection(SolutionProperties) = preSolution
		HideSolutionNode = FALSE
	EndGlobalSection
	GlobalSection(ExtensibilityGlobals) = postSolution
		SolutionGuid = {9CC42DA2-F017-4278-A3C9-9CE2C8F1BFCE}
	EndGlobalSection
EndGlobal
